
Microsoft Visual Studio Solution File, Format Version 12.00
Project("{FAE04EC0-301F-11D3-BF4B-00C04F79EFBC}") = "Sked-Authorization", "Sked-Authorization\Sked-Authorization.csproj", "{9E84FBB1-7883-4899-AED5-0035BBAEF4F1}"
EndProject
Project("{FAE04EC0-301F-11D3-BF4B-00C04F79EFBC}") = "Sked-Authorization.Tests", "Sked-Authorization.Tests\Sked-Authorization.Tests.csproj", "{8AEA22FD-E8F9-4F01-8374-8F6F75057AD9}"
EndProject
Project("{FAE04EC0-301F-11D3-BF4B-00C04F79EFBC}") = "Shked-GroupsService", "Shked-GroupsService\Shked-GroupsService.csproj", "{95A061DB-9CA5-44C4-87C4-74B5EFCEF5BA}"
EndProject
Global
	GlobalSection(SolutionConfigurationPlatforms) = preSolution
		Debug|Any CPU = Debug|Any CPU
		Release|Any CPU = Release|Any CPU
	EndGlobalSection
	GlobalSection(ProjectConfigurationPlatforms) = postSolution
		{9E84FBB1-7883-4899-AED5-0035BBAEF4F1}.Debug|Any CPU.ActiveCfg = Debug|Any CPU
		{9E84FBB1-7883-4899-AED5-0035BBAEF4F1}.Debug|Any CPU.Build.0 = Debug|Any CPU
		{9E84FBB1-7883-4899-AED5-0035BBAEF4F1}.Release|Any CPU.ActiveCfg = Release|Any CPU
		{9E84FBB1-7883-4899-AED5-0035BBAEF4F1}.Release|Any CPU.Build.0 = Release|Any CPU
		{8AEA22FD-E8F9-4F01-8374-8F6F75057AD9}.Debug|Any CPU.ActiveCfg = Debug|Any CPU
		{8AEA22FD-E8F9-4F01-8374-8F6F75057AD9}.Debug|Any CPU.Build.0 = Debug|Any CPU
		{8AEA22FD-E8F9-4F01-8374-8F6F75057AD9}.Release|Any CPU.ActiveCfg = Release|Any CPU
		{8AEA22FD-E8F9-4F01-8374-8F6F75057AD9}.Release|Any CPU.Build.0 = Release|Any CPU
		{95A061DB-9CA5-44C4-87C4-74B5EFCEF5BA}.Debug|Any CPU.ActiveCfg = Debug|Any CPU
		{95A061DB-9CA5-44C4-87C4-74B5EFCEF5BA}.Debug|Any CPU.Build.0 = Debug|Any CPU
		{95A061DB-9CA5-44C4-87C4-74B5EFCEF5BA}.Release|Any CPU.ActiveCfg = Release|Any CPU
		{95A061DB-9CA5-44C4-87C4-74B5EFCEF5BA}.Release|Any CPU.Build.0 = Release|Any CPU
	EndGlobalSection
EndGlobal
